
Microsoft Visual Studio Solution File, Format Version 12.00
# Visual Studio 15
VisualStudioVersion = 15.0.28010.2026
MinimumVisualStudioVersion = 10.0.40219.1
Project("{FAE04EC0-301F-11D3-BF4B-00C04F79EFBC}") = "Imagination", "Imagination\Imagination.csproj", "{1C9D593B-8314-4B9D-AB13-FBE80644E4AE}"
EndProject
Project("{FAE04EC0-301F-11D3-BF4B-00C04F79EFBC}") = "CommentsService", "CommentsService\CommentsService.csproj", "{D862DB9C-3C75-4BE7-B017-AFDD18096D27}"
EndProject
Project("{FAE04EC0-301F-11D3-BF4B-00C04F79EFBC}") = "StorageService", "StorageService\StorageService.csproj", "{127C8225-10BE-406D-9C5F-8E7F0EDE11A4}"
EndProject
Project("{FAE04EC0-301F-11D3-BF4B-00C04F79EFBC}") = "UserService", "UserService\UserService.csproj", "{DD702769-4F33-453C-85E5-5A3EBD345E69}"
EndProject
Project("{FAE04EC0-301F-11D3-BF4B-00C04F79EFBC}") = "ChannelService", "ChannelService\ChannelService.csproj", "{541CC587-3EB9-4337-9F3F-E6557A83F6B4}"
EndProject
Global
	GlobalSection(SolutionConfigurationPlatforms) = preSolution
		Debug|Any CPU = Debug|Any CPU
		Release|Any CPU = Release|Any CPU
	EndGlobalSection
	GlobalSection(ProjectConfigurationPlatforms) = postSolution
		{1C9D593B-8314-4B9D-AB13-FBE80644E4AE}.Debug|Any CPU.ActiveCfg = Debug|Any CPU
		{1C9D593B-8314-4B9D-AB13-FBE80644E4AE}.Debug|Any CPU.Build.0 = Debug|Any CPU
		{1C9D593B-8314-4B9D-AB13-FBE80644E4AE}.Release|Any CPU.ActiveCfg = Release|Any CPU
		{1C9D593B-8314-4B9D-AB13-FBE80644E4AE}.Release|Any CPU.Build.0 = Release|Any CPU
		{D862DB9C-3C75-4BE7-B017-AFDD18096D27}.Debug|Any CPU.ActiveCfg = Debug|Any CPU
		{D862DB9C-3C75-4BE7-B017-AFDD18096D27}.Debug|Any CPU.Build.0 = Debug|Any CPU
		{D862DB9C-3C75-4BE7-B017-AFDD18096D27}.Release|Any CPU.ActiveCfg = Release|Any CPU
		{D862DB9C-3C75-4BE7-B017-AFDD18096D27}.Release|Any CPU.Build.0 = Release|Any CPU
		{127C8225-10BE-406D-9C5F-8E7F0EDE11A4}.Debug|Any CPU.ActiveCfg = Debug|Any CPU
		{127C8225-10BE-406D-9C5F-8E7F0EDE11A4}.Debug|Any CPU.Build.0 = Debug|Any CPU
		{127C8225-10BE-406D-9C5F-8E7F0EDE11A4}.Release|Any CPU.ActiveCfg = Release|Any CPU
		{127C8225-10BE-406D-9C5F-8E7F0EDE11A4}.Release|Any CPU.Build.0 = Release|Any CPU
		{DD702769-4F33-453C-85E5-5A3EBD345E69}.Debug|Any CPU.ActiveCfg = Debug|Any CPU
		{DD702769-4F33-453C-85E5-5A3EBD345E69}.Debug|Any CPU.Build.0 = Debug|Any CPU
		{DD702769-4F33-453C-85E5-5A3EBD345E69}.Release|Any CPU.ActiveCfg = Release|Any CPU
		{DD702769-4F33-453C-85E5-5A3EBD345E69}.Release|Any CPU.Build.0 = Release|Any CPU
		{541CC587-3EB9-4337-9F3F-E6557A83F6B4}.Debug|Any CPU.ActiveCfg = Debug|Any CPU
		{541CC587-3EB9-4337-9F3F-E6557A83F6B4}.Debug|Any CPU.Build.0 = Debug|Any CPU
		{541CC587-3EB9-4337-9F3F-E6557A83F6B4}.Release|Any CPU.ActiveCfg = Release|Any CPU
		{541CC587-3EB9-4337-9F3F-E6557A83F6B4}.Release|Any CPU.Build.0 = Release|Any CPU
	EndGlobalSection
	GlobalSection(SolutionProperties) = preSolution
		HideSolutionNode = FALSE
	EndGlobalSection
	GlobalSection(ExtensibilityGlobals) = postSolution
		SolutionGuid = {3F9BB222-EE5A-4532-AABD-BE3FC85B3BB7}
	EndGlobalSection
EndGlobal
